// !$*UTF8*$!
{
	archiveVersion = 1;
	classes = {
	};
	objectVersion = 46;
	objects = {

/* Begin PBXBuildFile section */
		A01768A01BB4800700CADEE5 /* Pods-StackExchange-acknowledgements.markdown in Resources */ = {isa = PBXBuildFile; fileRef = A017689E1BB47F1400CADEE5 /* Pods-StackExchange-acknowledgements.markdown */; };
		A01768A71BB482EF00CADEE5 /* KLNBaseService.m in Sources */ = {isa = PBXBuildFile; fileRef = A01768A61BB482EF00CADEE5 /* KLNBaseService.m */; };
		A01768B31BB4AF3300CADEE5 /* KLNBaseTableViewController.m in Sources */ = {isa = PBXBuildFile; fileRef = A01768B21BB4AF3300CADEE5 /* KLNBaseTableViewController.m */; };
		A01768B61BB4AFAF00CADEE5 /* KLNFilterController.m in Sources */ = {isa = PBXBuildFile; fileRef = A01768B51BB4AFAF00CADEE5 /* KLNFilterController.m */; };
		A01768BF1BB4B33E00CADEE5 /* KLNBaseModel.m in Sources */ = {isa = PBXBuildFile; fileRef = A01768BE1BB4B33E00CADEE5 /* KLNBaseModel.m */; };
		A01768C81BB4B42400CADEE5 /* KLNResultModel.m in Sources */ = {isa = PBXBuildFile; fileRef = A01768C71BB4B42400CADEE5 /* KLNResultModel.m */; };
		A01768D01BB4BE9B00CADEE5 /* KLNQuestionModel.m in Sources */ = {isa = PBXBuildFile; fileRef = A01768CF1BB4BE9B00CADEE5 /* KLNQuestionModel.m */; };
		A01768D41BB4DE0C00CADEE5 /* KLNUserModel.m in Sources */ = {isa = PBXBuildFile; fileRef = A01768D31BB4DE0C00CADEE5 /* KLNUserModel.m */; };
		A01768D81BB4E1A200CADEE5 /* KLNMigrationInfo.m in Sources */ = {isa = PBXBuildFile; fileRef = A01768D71BB4E1A200CADEE5 /* KLNMigrationInfo.m */; };
		A01768DC1BB4E1BD00CADEE5 /* KLNSiteModel.m in Sources */ = {isa = PBXBuildFile; fileRef = A01768DB1BB4E1BD00CADEE5 /* KLNSiteModel.m */; };
		A01768E01BB4E40D00CADEE5 /* KLNStylingModel.m in Sources */ = {isa = PBXBuildFile; fileRef = A01768DF1BB4E40D00CADEE5 /* KLNStylingModel.m */; };
		A01768E51BB4FCD600CADEE5 /* KLNQuestionService.m in Sources */ = {isa = PBXBuildFile; fileRef = A01768E41BB4FCD600CADEE5 /* KLNQuestionService.m */; };
		A01768E71BB50DB100CADEE5 /* KLNQuestionServiceTests.m in Sources */ = {isa = PBXBuildFile; fileRef = A01768E61BB50DB100CADEE5 /* KLNQuestionServiceTests.m */; };
		A03918D61BB9C9F5002D4DFB /* GTMNSString+HTML.m in Sources */ = {isa = PBXBuildFile; fileRef = A03918D31BB9C9F5002D4DFB /* GTMNSString+HTML.m */; };
		A03918D71BB9C9F5002D4DFB /* NSString+HTML.m in Sources */ = {isa = PBXBuildFile; fileRef = A03918D51BB9C9F5002D4DFB /* NSString+HTML.m */; };
		A05608831BB6BC79006742EC /* KLNResultsViewController.m in Sources */ = {isa = PBXBuildFile; fileRef = A05608821BB6BC79006742EC /* KLNResultsViewController.m */; };
		A0766E9C1BC7BE6C00256CBC /* KLNFactoryService.m in Sources */ = {isa = PBXBuildFile; fileRef = A0766E9B1BC7BE6C00256CBC /* KLNFactoryService.m */; };
		A0766EA11BC7D62A00256CBC /* KLNUtils.m in Sources */ = {isa = PBXBuildFile; fileRef = A0766EA01BC7D62A00256CBC /* KLNUtils.m */; };
		A07E99401BB455F700DFBC30 /* StackExchangeUITests.m in Sources */ = {isa = PBXBuildFile; fileRef = A07E993F1BB455F700DFBC30 /* StackExchangeUITests.m */; };
		A07E996B1BB466E900DFBC30 /* AppDelegate.m in Sources */ = {isa = PBXBuildFile; fileRef = A07E99511BB466E900DFBC30 /* AppDelegate.m */; };
		A07E996D1BB466E900DFBC30 /* Images.xcassets in Resources */ = {isa = PBXBuildFile; fileRef = A07E99571BB466E900DFBC30 /* Images.xcassets */; };
		A07E996E1BB466E900DFBC30 /* Localizable.strings in Resources */ = {isa = PBXBuildFile; fileRef = A07E99591BB466E900DFBC30 /* Localizable.strings */; };
		A07E99711BB466E900DFBC30 /* main.m in Sources */ = {isa = PBXBuildFile; fileRef = A07E99611BB466E900DFBC30 /* main.m */; };
		A07E99741BB4682F00DFBC30 /* KLNRESTEngine.m in Sources */ = {isa = PBXBuildFile; fileRef = A07E99731BB4682F00DFBC30 /* KLNRESTEngine.m */; };
		A0A28C6D1BE3A65F006FE4B9 /* KLNInject.framework in Frameworks */ = {isa = PBXBuildFile; fileRef = A0A28C6C1BE3A65F006FE4B9 /* KLNInject.framework */; };
		A0A889E91BB73D5C002F212C /* LaunchScreen.xib in Resources */ = {isa = PBXBuildFile; fileRef = A0A889E81BB73D5C002F212C /* LaunchScreen.xib */; };
		A0A889F51BB74705002F212C /* KLNResultsTableViewCell.m in Sources */ = {isa = PBXBuildFile; fileRef = A0A889F41BB74705002F212C /* KLNResultsTableViewCell.m */; };
		A0A889F71BB74814002F212C /* Shared.storyboard in Resources */ = {isa = PBXBuildFile; fileRef = A0A889F61BB74814002F212C /* Shared.storyboard */; };
		A0BAE1B11BB55F6200F14BBA /* KLNBaseViewController.m in Sources */ = {isa = PBXBuildFile; fileRef = A0BAE1B01BB55F6200F14BBA /* KLNBaseViewController.m */; };
		A0BAE1B41BB55FC700F14BBA /* KLNAcknowledgementsViewController.m in Sources */ = {isa = PBXBuildFile; fileRef = A0BAE1B31BB55FC700F14BBA /* KLNAcknowledgementsViewController.m */; };
		A0C92A6E1BB6DD1A00CCDA6C /* Main.storyboard in Resources */ = {isa = PBXBuildFile; fileRef = A0C92A6D1BB6DD1A00CCDA6C /* Main.storyboard */; };
		A0DD62731BB5B220000E430D /* KLNPickerViewController.m in Sources */ = {isa = PBXBuildFile; fileRef = A0DD62721BB5B220000E430D /* KLNPickerViewController.m */; };
		D964CDDB2AE3496E3A4CAED9 /* libPods-StackExchangeTests.a in Frameworks */ = {isa = PBXBuildFile; fileRef = 8D92D9D40193F94FAB0F493B /* libPods-StackExchangeTests.a */; };
		FB084417F21DE3A4ECC391D2 /* libPods-StackExchange.a in Frameworks */ = {isa = PBXBuildFile; fileRef = 8BF35C155E750CF7D268EBBF /* libPods-StackExchange.a */; };
/* End PBXBuildFile section */

/* Begin PBXContainerItemProxy section */
		A07E99311BB455F700DFBC30 /* PBXContainerItemProxy */ = {
			isa = PBXContainerItemProxy;
			containerPortal = A07E990F1BB455F700DFBC30 /* Project object */;
			proxyType = 1;
			remoteGlobalIDString = A07E99161BB455F700DFBC30;
			remoteInfo = StackExchange;
		};
		A07E993C1BB455F700DFBC30 /* PBXContainerItemProxy */ = {
			isa = PBXContainerItemProxy;
			containerPortal = A07E990F1BB455F700DFBC30 /* Project object */;
			proxyType = 1;
			remoteGlobalIDString = A07E99161BB455F700DFBC30;
			remoteInfo = StackExchange;
		};
/* End PBXContainerItemProxy section */

/* Begin PBXFileReference section */
		2928593098D3CA1B7E372E75 /* Pods-StackExchangeTests.release.xcconfig */ = {isa = PBXFileReference; includeInIndex = 1; lastKnownFileType = text.xcconfig; name = "Pods-StackExchangeTests.release.xcconfig"; path = "Pods/Target Support Files/Pods-StackExchangeTests/Pods-StackExchangeTests.release.xcconfig"; sourceTree = "<group>"; };
		43F9855569FE93C3C8E5A676 /* Pods-StackExchangeTests.debug.xcconfig */ = {isa = PBXFileReference; includeInIndex = 1; lastKnownFileType = text.xcconfig; name = "Pods-StackExchangeTests.debug.xcconfig"; path = "Pods/Target Support Files/Pods-StackExchangeTests/Pods-StackExchangeTests.debug.xcconfig"; sourceTree = "<group>"; };
		8BF35C155E750CF7D268EBBF /* libPods-StackExchange.a */ = {isa = PBXFileReference; explicitFileType = archive.ar; includeInIndex = 0; path = "libPods-StackExchange.a"; sourceTree = BUILT_PRODUCTS_DIR; };
		8D92D9D40193F94FAB0F493B /* libPods-StackExchangeTests.a */ = {isa = PBXFileReference; explicitFileType = archive.ar; includeInIndex = 0; path = "libPods-StackExchangeTests.a"; sourceTree = BUILT_PRODUCTS_DIR; };
		A017689C1BB47D2500CADEE5 /* README.md */ = {isa = PBXFileReference; fileEncoding = 4; lastKnownFileType = net.daringfireball.markdown; path = README.md; sourceTree = "<group>"; };
		A017689E1BB47F1400CADEE5 /* Pods-StackExchange-acknowledgements.markdown */ = {isa = PBXFileReference; fileEncoding = 4; lastKnownFileType = net.daringfireball.markdown; name = "Pods-StackExchange-acknowledgements.markdown"; path = "Pods/Target Support Files/Pods-StackExchange/Pods-StackExchange-acknowledgements.markdown"; sourceTree = SOURCE_ROOT; };
		A01768A51BB482EF00CADEE5 /* KLNBaseService.h */ = {isa = PBXFileReference; fileEncoding = 4; lastKnownFileType = sourcecode.c.h; path = KLNBaseService.h; sourceTree = "<group>"; };
		A01768A61BB482EF00CADEE5 /* KLNBaseService.m */ = {isa = PBXFileReference; fileEncoding = 4; lastKnownFileType = sourcecode.c.objc; path = KLNBaseService.m; sourceTree = "<group>"; };
		A01768B11BB4AF3300CADEE5 /* KLNBaseTableViewController.h */ = {isa = PBXFileReference; fileEncoding = 4; lastKnownFileType = sourcecode.c.h; path = KLNBaseTableViewController.h; sourceTree = "<group>"; };
		A01768B21BB4AF3300CADEE5 /* KLNBaseTableViewController.m */ = {isa = PBXFileReference; fileEncoding = 4; lastKnownFileType = sourcecode.c.objc; path = KLNBaseTableViewController.m; sourceTree = "<group>"; };
		A01768B41BB4AFAF00CADEE5 /* KLNFilterController.h */ = {isa = PBXFileReference; fileEncoding = 4; lastKnownFileType = sourcecode.c.h; path = KLNFilterController.h; sourceTree = "<group>"; };
		A01768B51BB4AFAF00CADEE5 /* KLNFilterController.m */ = {isa = PBXFileReference; fileEncoding = 4; lastKnownFileType = sourcecode.c.objc; path = KLNFilterController.m; sourceTree = "<group>"; };
		A01768BD1BB4B33E00CADEE5 /* KLNBaseModel.h */ = {isa = PBXFileReference; fileEncoding = 4; lastKnownFileType = sourcecode.c.h; path = KLNBaseModel.h; sourceTree = "<group>"; };
		A01768BE1BB4B33E00CADEE5 /* KLNBaseModel.m */ = {isa = PBXFileReference; fileEncoding = 4; lastKnownFileType = sourcecode.c.objc; path = KLNBaseModel.m; sourceTree = "<group>"; };
		A01768C61BB4B42400CADEE5 /* KLNResultModel.h */ = {isa = PBXFileReference; fileEncoding = 4; lastKnownFileType = sourcecode.c.h; path = KLNResultModel.h; sourceTree = "<group>"; };
		A01768C71BB4B42400CADEE5 /* KLNResultModel.m */ = {isa = PBXFileReference; fileEncoding = 4; lastKnownFileType = sourcecode.c.objc; path = KLNResultModel.m; sourceTree = "<group>"; };
		A01768CE1BB4BE9B00CADEE5 /* KLNQuestionModel.h */ = {isa = PBXFileReference; fileEncoding = 4; lastKnownFileType = sourcecode.c.h; path = KLNQuestionModel.h; sourceTree = "<group>"; };
		A01768CF1BB4BE9B00CADEE5 /* KLNQuestionModel.m */ = {isa = PBXFileReference; fileEncoding = 4; lastKnownFileType = sourcecode.c.objc; path = KLNQuestionModel.m; sourceTree = "<group>"; };
		A01768D21BB4DE0C00CADEE5 /* KLNUserModel.h */ = {isa = PBXFileReference; fileEncoding = 4; lastKnownFileType = sourcecode.c.h; path = KLNUserModel.h; sourceTree = "<group>"; };
		A01768D31BB4DE0C00CADEE5 /* KLNUserModel.m */ = {isa = PBXFileReference; fileEncoding = 4; lastKnownFileType = sourcecode.c.objc; path = KLNUserModel.m; sourceTree = "<group>"; };
		A01768D61BB4E1A200CADEE5 /* KLNMigrationInfo.h */ = {isa = PBXFileReference; fileEncoding = 4; lastKnownFileType = sourcecode.c.h; path = KLNMigrationInfo.h; sourceTree = "<group>"; };
		A01768D71BB4E1A200CADEE5 /* KLNMigrationInfo.m */ = {isa = PBXFileReference; fileEncoding = 4; lastKnownFileType = sourcecode.c.objc; path = KLNMigrationInfo.m; sourceTree = "<group>"; };
		A01768DA1BB4E1BD00CADEE5 /* KLNSiteModel.h */ = {isa = PBXFileReference; fileEncoding = 4; lastKnownFileType = sourcecode.c.h; path = KLNSiteModel.h; sourceTree = "<group>"; };
		A01768DB1BB4E1BD00CADEE5 /* KLNSiteModel.m */ = {isa = PBXFileReference; fileEncoding = 4; lastKnownFileType = sourcecode.c.objc; path = KLNSiteModel.m; sourceTree = "<group>"; };
		A01768DE1BB4E40D00CADEE5 /* KLNStylingModel.h */ = {isa = PBXFileReference; fileEncoding = 4; lastKnownFileType = sourcecode.c.h; path = KLNStylingModel.h; sourceTree = "<group>"; };
		A01768DF1BB4E40D00CADEE5 /* KLNStylingModel.m */ = {isa = PBXFileReference; fileEncoding = 4; lastKnownFileType = sourcecode.c.objc; path = KLNStylingModel.m; sourceTree = "<group>"; };
		A01768E21BB4FC7500CADEE5 /* KLNQuestionServiceProtocol.h */ = {isa = PBXFileReference; lastKnownFileType = sourcecode.c.h; path = KLNQuestionServiceProtocol.h; sourceTree = "<group>"; };
		A01768E31BB4FCD600CADEE5 /* KLNQuestionService.h */ = {isa = PBXFileReference; fileEncoding = 4; lastKnownFileType = sourcecode.c.h; path = KLNQuestionService.h; sourceTree = "<group>"; };
		A01768E41BB4FCD600CADEE5 /* KLNQuestionService.m */ = {isa = PBXFileReference; fileEncoding = 4; lastKnownFileType = sourcecode.c.objc; path = KLNQuestionService.m; sourceTree = "<group>"; };
		A01768E61BB50DB100CADEE5 /* KLNQuestionServiceTests.m */ = {isa = PBXFileReference; fileEncoding = 4; lastKnownFileType = sourcecode.c.objc; path = KLNQuestionServiceTests.m; sourceTree = "<group>"; };
		A03918D21BB9C9F5002D4DFB /* GTMNSString+HTML.h */ = {isa = PBXFileReference; fileEncoding = 4; lastKnownFileType = sourcecode.c.h; path = "GTMNSString+HTML.h"; sourceTree = "<group>"; };
		A03918D31BB9C9F5002D4DFB /* GTMNSString+HTML.m */ = {isa = PBXFileReference; fileEncoding = 4; lastKnownFileType = sourcecode.c.objc; path = "GTMNSString+HTML.m"; sourceTree = "<group>"; };
		A03918D41BB9C9F5002D4DFB /* NSString+HTML.h */ = {isa = PBXFileReference; fileEncoding = 4; lastKnownFileType = sourcecode.c.h; path = "NSString+HTML.h"; sourceTree = "<group>"; };
		A03918D51BB9C9F5002D4DFB /* NSString+HTML.m */ = {isa = PBXFileReference; fileEncoding = 4; lastKnownFileType = sourcecode.c.objc; path = "NSString+HTML.m"; sourceTree = "<group>"; };
		A05608811BB6BC79006742EC /* KLNResultsViewController.h */ = {isa = PBXFileReference; fileEncoding = 4; lastKnownFileType = sourcecode.c.h; path = KLNResultsViewController.h; sourceTree = "<group>"; };
		A05608821BB6BC79006742EC /* KLNResultsViewController.m */ = {isa = PBXFileReference; fileEncoding = 4; lastKnownFileType = sourcecode.c.objc; path = KLNResultsViewController.m; sourceTree = "<group>"; };
		A0766E9A1BC7BE6C00256CBC /* KLNFactoryService.h */ = {isa = PBXFileReference; fileEncoding = 4; lastKnownFileType = sourcecode.c.h; path = KLNFactoryService.h; sourceTree = "<group>"; };
		A0766E9B1BC7BE6C00256CBC /* KLNFactoryService.m */ = {isa = PBXFileReference; fileEncoding = 4; lastKnownFileType = sourcecode.c.objc; path = KLNFactoryService.m; sourceTree = "<group>"; };
		A0766E9F1BC7D62A00256CBC /* KLNUtils.h */ = {isa = PBXFileReference; fileEncoding = 4; lastKnownFileType = sourcecode.c.h; path = KLNUtils.h; sourceTree = "<group>"; };
		A0766EA01BC7D62A00256CBC /* KLNUtils.m */ = {isa = PBXFileReference; fileEncoding = 4; lastKnownFileType = sourcecode.c.objc; path = KLNUtils.m; sourceTree = "<group>"; };
		A07E99171BB455F700DFBC30 /* StackExchange.app */ = {isa = PBXFileReference; explicitFileType = wrapper.application; includeInIndex = 0; path = StackExchange.app; sourceTree = BUILT_PRODUCTS_DIR; };
		A07E99301BB455F700DFBC30 /* StackExchangeTests.xctest */ = {isa = PBXFileReference; explicitFileType = wrapper.cfbundle; includeInIndex = 0; path = StackExchangeTests.xctest; sourceTree = BUILT_PRODUCTS_DIR; };
		A07E99361BB455F700DFBC30 /* Info.plist */ = {isa = PBXFileReference; lastKnownFileType = text.plist.xml; path = Info.plist; sourceTree = "<group>"; };
		A07E993B1BB455F700DFBC30 /* StackExchangeUITests.xctest */ = {isa = PBXFileReference; explicitFileType = wrapper.cfbundle; includeInIndex = 0; path = StackExchangeUITests.xctest; sourceTree = BUILT_PRODUCTS_DIR; };
		A07E993F1BB455F700DFBC30 /* StackExchangeUITests.m */ = {isa = PBXFileReference; lastKnownFileType = sourcecode.c.objc; path = StackExchangeUITests.m; sourceTree = "<group>"; };
		A07E99411BB455F700DFBC30 /* Info.plist */ = {isa = PBXFileReference; lastKnownFileType = text.plist.xml; path = Info.plist; sourceTree = "<group>"; };
		A07E99501BB466E900DFBC30 /* AppDelegate.h */ = {isa = PBXFileReference; fileEncoding = 4; lastKnownFileType = sourcecode.c.h; path = AppDelegate.h; sourceTree = "<group>"; };
		A07E99511BB466E900DFBC30 /* AppDelegate.m */ = {isa = PBXFileReference; fileEncoding = 4; lastKnownFileType = sourcecode.c.objc; path = AppDelegate.m; sourceTree = "<group>"; };
		A07E99571BB466E900DFBC30 /* Images.xcassets */ = {isa = PBXFileReference; lastKnownFileType = folder.assetcatalog; path = Images.xcassets; sourceTree = "<group>"; };
		A07E995A1BB466E900DFBC30 /* en */ = {isa = PBXFileReference; lastKnownFileType = text.plist.strings; name = en; path = en.lproj/Localizable.strings; sourceTree = "<group>"; };
		A07E995B1BB466E900DFBC30 /* es */ = {isa = PBXFileReference; lastKnownFileType = text.plist.strings; name = es; path = es.lproj/Localizable.strings; sourceTree = "<group>"; };
		A07E99601BB466E900DFBC30 /* Info.plist */ = {isa = PBXFileReference; fileEncoding = 4; lastKnownFileType = text.plist.xml; path = Info.plist; sourceTree = "<group>"; };
		A07E99611BB466E900DFBC30 /* main.m */ = {isa = PBXFileReference; fileEncoding = 4; lastKnownFileType = sourcecode.c.objc; path = main.m; sourceTree = "<group>"; };
		A07E99721BB4682F00DFBC30 /* KLNRESTEngine.h */ = {isa = PBXFileReference; fileEncoding = 4; lastKnownFileType = sourcecode.c.h; path = KLNRESTEngine.h; sourceTree = "<group>"; };
		A07E99731BB4682F00DFBC30 /* KLNRESTEngine.m */ = {isa = PBXFileReference; fileEncoding = 4; lastKnownFileType = sourcecode.c.objc; path = KLNRESTEngine.m; sourceTree = "<group>"; };
		A0A28C6C1BE3A65F006FE4B9 /* KLNInject.framework */ = {isa = PBXFileReference; lastKnownFileType = wrapper.framework; path = KLNInject.framework; sourceTree = "<group>"; };
		A0A889E81BB73D5C002F212C /* LaunchScreen.xib */ = {isa = PBXFileReference; fileEncoding = 4; lastKnownFileType = file.xib; path = LaunchScreen.xib; sourceTree = "<group>"; };
		A0A889F31BB74705002F212C /* KLNResultsTableViewCell.h */ = {isa = PBXFileReference; fileEncoding = 4; lastKnownFileType = sourcecode.c.h; path = KLNResultsTableViewCell.h; sourceTree = "<group>"; };
		A0A889F41BB74705002F212C /* KLNResultsTableViewCell.m */ = {isa = PBXFileReference; fileEncoding = 4; lastKnownFileType = sourcecode.c.objc; path = KLNResultsTableViewCell.m; sourceTree = "<group>"; };
		A0A889F61BB74814002F212C /* Shared.storyboard */ = {isa = PBXFileReference; fileEncoding = 4; lastKnownFileType = file.storyboard; path = Shared.storyboard; sourceTree = "<group>"; };
		A0BAE1AF1BB55F6200F14BBA /* KLNBaseViewController.h */ = {isa = PBXFileReference; fileEncoding = 4; lastKnownFileType = sourcecode.c.h; path = KLNBaseViewController.h; sourceTree = "<group>"; };
		A0BAE1B01BB55F6200F14BBA /* KLNBaseViewController.m */ = {isa = PBXFileReference; fileEncoding = 4; lastKnownFileType = sourcecode.c.objc; path = KLNBaseViewController.m; sourceTree = "<group>"; };
		A0BAE1B21BB55FC700F14BBA /* KLNAcknowledgementsViewController.h */ = {isa = PBXFileReference; fileEncoding = 4; lastKnownFileType = sourcecode.c.h; path = KLNAcknowledgementsViewController.h; sourceTree = "<group>"; };
		A0BAE1B31BB55FC700F14BBA /* KLNAcknowledgementsViewController.m */ = {isa = PBXFileReference; fileEncoding = 4; lastKnownFileType = sourcecode.c.objc; path = KLNAcknowledgementsViewController.m; sourceTree = "<group>"; };
		A0BAE1B61BB562E600F14BBA /* KLNBaseProtocol.h */ = {isa = PBXFileReference; lastKnownFileType = sourcecode.c.h; path = KLNBaseProtocol.h; sourceTree = "<group>"; };
		A0C92A6D1BB6DD1A00CCDA6C /* Main.storyboard */ = {isa = PBXFileReference; fileEncoding = 4; lastKnownFileType = file.storyboard; path = Main.storyboard; sourceTree = "<group>"; };
		A0DD62711BB5B220000E430D /* KLNPickerViewController.h */ = {isa = PBXFileReference; fileEncoding = 4; lastKnownFileType = sourcecode.c.h; path = KLNPickerViewController.h; sourceTree = "<group>"; };
		A0DD62721BB5B220000E430D /* KLNPickerViewController.m */ = {isa = PBXFileReference; fileEncoding = 4; lastKnownFileType = sourcecode.c.objc; path = KLNPickerViewController.m; sourceTree = "<group>"; };
		A0DD62741BB5BF68000E430D /* StackExchange-Prefix.pch */ = {isa = PBXFileReference; lastKnownFileType = sourcecode.c.h; path = "StackExchange-Prefix.pch"; sourceTree = "<group>"; };
		B4A1BD967BDF85F387C2DE1D /* Pods-StackExchange.release.xcconfig */ = {isa = PBXFileReference; includeInIndex = 1; lastKnownFileType = text.xcconfig; name = "Pods-StackExchange.release.xcconfig"; path = "Pods/Target Support Files/Pods-StackExchange/Pods-StackExchange.release.xcconfig"; sourceTree = "<group>"; };
		FF27CF2561C24C37EFE4EC85 /* Pods-StackExchange.debug.xcconfig */ = {isa = PBXFileReference; includeInIndex = 1; lastKnownFileType = text.xcconfig; name = "Pods-StackExchange.debug.xcconfig"; path = "Pods/Target Support Files/Pods-StackExchange/Pods-StackExchange.debug.xcconfig"; sourceTree = "<group>"; };
/* End PBXFileReference section */

/* Begin PBXFrameworksBuildPhase section */
		A07E99141BB455F700DFBC30 /* Frameworks */ = {
			isa = PBXFrameworksBuildPhase;
			buildActionMask = 2147483647;
			files = (
				A0A28C6D1BE3A65F006FE4B9 /* KLNInject.framework in Frameworks */,
				FB084417F21DE3A4ECC391D2 /* libPods-StackExchange.a in Frameworks */,
			);
			runOnlyForDeploymentPostprocessing = 0;
		};
		A07E992D1BB455F700DFBC30 /* Frameworks */ = {
			isa = PBXFrameworksBuildPhase;
			buildActionMask = 2147483647;
			files = (
				D964CDDB2AE3496E3A4CAED9 /* libPods-StackExchangeTests.a in Frameworks */,
			);
			runOnlyForDeploymentPostprocessing = 0;
		};
		A07E99381BB455F700DFBC30 /* Frameworks */ = {
			isa = PBXFrameworksBuildPhase;
			buildActionMask = 2147483647;
			files = (
			);
			runOnlyForDeploymentPostprocessing = 0;
		};
/* End PBXFrameworksBuildPhase section */

/* Begin PBXGroup section */
		6FD77E52D65DA151D336C75D /* Frameworks */ = {
			isa = PBXGroup;
			children = (
				A0A28C6C1BE3A65F006FE4B9 /* KLNInject.framework */,
				8BF35C155E750CF7D268EBBF /* libPods-StackExchange.a */,
				8D92D9D40193F94FAB0F493B /* libPods-StackExchangeTests.a */,
			);
			name = Frameworks;
			sourceTree = "<group>";
		};
		A01768AD1BB4A98D00CADEE5 /* Filter */ = {
			isa = PBXGroup;
			children = (
				A01768B41BB4AFAF00CADEE5 /* KLNFilterController.h */,
				A01768B51BB4AFAF00CADEE5 /* KLNFilterController.m */,
			);
			path = Filter;
			sourceTree = "<group>";
		};
		A01768AF1BB4AF1B00CADEE5 /* _base */ = {
			isa = PBXGroup;
			children = (
				A0BAE1B51BB562CE00F14BBA /* _protocols */,
				A01768B01BB4AF1B00CADEE5 /* BaseTableViewController */,
				A0BAE1AE1BB55F2900F14BBA /* BaseViewController */,
			);
			path = _base;
			sourceTree = "<group>";
		};
		A01768B01BB4AF1B00CADEE5 /* BaseTableViewController */ = {
			isa = PBXGroup;
			children = (
				A01768B11BB4AF3300CADEE5 /* KLNBaseTableViewController.h */,
				A01768B21BB4AF3300CADEE5 /* KLNBaseTableViewController.m */,
			);
			path = BaseTableViewController;
			sourceTree = "<group>";
		};
		A01768BA1BB4B2D100CADEE5 /* Result */ = {
			isa = PBXGroup;
			children = (
				A01768C61BB4B42400CADEE5 /* KLNResultModel.h */,
				A01768C71BB4B42400CADEE5 /* KLNResultModel.m */,
			);
			path = Result;
			sourceTree = "<group>";
		};
		A01768CD1BB4BE8200CADEE5 /* Question */ = {
			isa = PBXGroup;
			children = (
				A01768CE1BB4BE9B00CADEE5 /* KLNQuestionModel.h */,
				A01768CF1BB4BE9B00CADEE5 /* KLNQuestionModel.m */,
			);
			path = Question;
			sourceTree = "<group>";
		};
		A01768D11BB4DDFD00CADEE5 /* User */ = {
			isa = PBXGroup;
			children = (
				A01768D21BB4DE0C00CADEE5 /* KLNUserModel.h */,
				A01768D31BB4DE0C00CADEE5 /* KLNUserModel.m */,
			);
			path = User;
			sourceTree = "<group>";
		};
		A01768D51BB4E19200CADEE5 /* MigrationInfo */ = {
			isa = PBXGroup;
			children = (
				A01768D61BB4E1A200CADEE5 /* KLNMigrationInfo.h */,
				A01768D71BB4E1A200CADEE5 /* KLNMigrationInfo.m */,
			);
			path = MigrationInfo;
			sourceTree = "<group>";
		};
		A01768D91BB4E1B100CADEE5 /* Site */ = {
			isa = PBXGroup;
			children = (
				A01768DA1BB4E1BD00CADEE5 /* KLNSiteModel.h */,
				A01768DB1BB4E1BD00CADEE5 /* KLNSiteModel.m */,
			);
			path = Site;
			sourceTree = "<group>";
		};
		A01768DD1BB4E3FC00CADEE5 /* Styling */ = {
			isa = PBXGroup;
			children = (
				A01768DE1BB4E40D00CADEE5 /* KLNStylingModel.h */,
				A01768DF1BB4E40D00CADEE5 /* KLNStylingModel.m */,
			);
			path = Styling;
			sourceTree = "<group>";
		};
		A01768E11BB4FC5900CADEE5 /* QuestionService */ = {
			isa = PBXGroup;
			children = (
				A01768E31BB4FCD600CADEE5 /* KLNQuestionService.h */,
				A01768E41BB4FCD600CADEE5 /* KLNQuestionService.m */,
				A01768E21BB4FC7500CADEE5 /* KLNQuestionServiceProtocol.h */,
			);
			path = QuestionService;
			sourceTree = "<group>";
		};
		A03918D01BB9C9F5002D4DFB /* Categories */ = {
			isa = PBXGroup;
			children = (
				A03918D11BB9C9F5002D4DFB /* NSString */,
			);
			path = Categories;
			sourceTree = "<group>";
		};
		A03918D11BB9C9F5002D4DFB /* NSString */ = {
			isa = PBXGroup;
			children = (
				A03918D21BB9C9F5002D4DFB /* GTMNSString+HTML.h */,
				A03918D31BB9C9F5002D4DFB /* GTMNSString+HTML.m */,
				A03918D41BB9C9F5002D4DFB /* NSString+HTML.h */,
				A03918D51BB9C9F5002D4DFB /* NSString+HTML.m */,
			);
			path = NSString;
			sourceTree = "<group>";
		};
		A05608801BB6BC50006742EC /* Results */ = {
			isa = PBXGroup;
			children = (
				A05608811BB6BC79006742EC /* KLNResultsViewController.h */,
				A05608821BB6BC79006742EC /* KLNResultsViewController.m */,
			);
			path = Results;
			sourceTree = "<group>";
		};
		A0766E9E1BC7D62A00256CBC /* Utils */ = {
			isa = PBXGroup;
			children = (
				A0766E9F1BC7D62A00256CBC /* KLNUtils.h */,
				A0766EA01BC7D62A00256CBC /* KLNUtils.m */,
			);
			path = Utils;
			sourceTree = "<group>";
		};
		A07E990E1BB455F700DFBC30 = {
			isa = PBXGroup;
			children = (
				A07E99191BB455F700DFBC30 /* StackExchange */,
				A07E99331BB455F700DFBC30 /* StackExchangeTests */,
				A07E993E1BB455F700DFBC30 /* StackExchangeUITests */,
				6FD77E52D65DA151D336C75D /* Frameworks */,
				A07E99181BB455F700DFBC30 /* Products */,
				CF8565B9FEA4BEC3F7CD6BBA /* Pods */,
				A017689C1BB47D2500CADEE5 /* README.md */,
			);
			sourceTree = "<group>";
		};
		A07E99181BB455F700DFBC30 /* Products */ = {
			isa = PBXGroup;
			children = (
				A07E99171BB455F700DFBC30 /* StackExchange.app */,
				A07E99301BB455F700DFBC30 /* StackExchangeTests.xctest */,
				A07E993B1BB455F700DFBC30 /* StackExchangeUITests.xctest */,
			);
			name = Products;
			sourceTree = "<group>";
		};
		A07E99191BB455F700DFBC30 /* StackExchange */ = {
			isa = PBXGroup;
			children = (
				A07E994D1BB466E900DFBC30 /* 1-Presentation */,
				A07E99621BB466E900DFBC30 /* 2-Business */,
				A07E99681BB466E900DFBC30 /* 3-DataAccess */,
				A07E996A1BB466E900DFBC30 /* Utils */,
			);
			path = StackExchange;
			sourceTree = "<group>";
		};
		A07E99331BB455F700DFBC30 /* StackExchangeTests */ = {
			isa = PBXGroup;
			children = (
				A01768E61BB50DB100CADEE5 /* KLNQuestionServiceTests.m */,
				A07E99361BB455F700DFBC30 /* Info.plist */,
			);
			path = StackExchangeTests;
			sourceTree = "<group>";
		};
		A07E993E1BB455F700DFBC30 /* StackExchangeUITests */ = {
			isa = PBXGroup;
			children = (
				A07E993F1BB455F700DFBC30 /* StackExchangeUITests.m */,
				A07E99411BB455F700DFBC30 /* Info.plist */,
			);
			path = StackExchangeUITests;
			sourceTree = "<group>";
		};
		A07E994D1BB466E900DFBC30 /* 1-Presentation */ = {
			isa = PBXGroup;
			children = (
				A07E994E1BB466E900DFBC30 /* Application */,
				A07E99561BB466E900DFBC30 /* Support */,
			);
			path = "1-Presentation";
			sourceTree = "<group>";
		};
		A07E994E1BB466E900DFBC30 /* Application */ = {
			isa = PBXGroup;
			children = (
				A07E994F1BB466E900DFBC30 /* AppDelegate */,
				A07E99521BB466E900DFBC30 /* Controllers */,
				A07E99531BB466E900DFBC30 /* Views */,
			);
			path = Application;
			sourceTree = "<group>";
		};
		A07E994F1BB466E900DFBC30 /* AppDelegate */ = {
			isa = PBXGroup;
			children = (
				A07E99501BB466E900DFBC30 /* AppDelegate.h */,
				A07E99511BB466E900DFBC30 /* AppDelegate.m */,
			);
			path = AppDelegate;
			sourceTree = "<group>";
		};
		A07E99521BB466E900DFBC30 /* Controllers */ = {
			isa = PBXGroup;
			children = (
				A01768AF1BB4AF1B00CADEE5 /* _base */,
				A0DD626F1BB5B16E000E430D /* _shared */,
				A0BAE1AD1BB55EED00F14BBA /* Acknowledgements */,
				A01768AD1BB4A98D00CADEE5 /* Filter */,
				A05608801BB6BC50006742EC /* Results */,
			);
			path = Controllers;
			sourceTree = "<group>";
		};
		A07E99531BB466E900DFBC30 /* Views */ = {
			isa = PBXGroup;
			children = (
				A0C92A6C1BB6DD1A00CCDA6C /* _storyboards */,
				A0A889F21BB746F0002F212C /* Results */,
			);
			path = Views;
			sourceTree = "<group>";
		};
		A07E99561BB466E900DFBC30 /* Support */ = {
			isa = PBXGroup;
			children = (
				A07E99571BB466E900DFBC30 /* Images.xcassets */,
				A07E99581BB466E900DFBC30 /* Languages */,
				A0A889E71BB73D4A002F212C /* LaunchScreen */,
				A07E995F1BB466E900DFBC30 /* Supporting */,
			);
			path = Support;
			sourceTree = "<group>";
		};
		A07E99581BB466E900DFBC30 /* Languages */ = {
			isa = PBXGroup;
			children = (
				A07E99591BB466E900DFBC30 /* Localizable.strings */,
			);
			path = Languages;
			sourceTree = "<group>";
		};
		A07E995F1BB466E900DFBC30 /* Supporting */ = {
			isa = PBXGroup;
			children = (
				A07E99601BB466E900DFBC30 /* Info.plist */,
				A07E99611BB466E900DFBC30 /* main.m */,
				A017689E1BB47F1400CADEE5 /* Pods-StackExchange-acknowledgements.markdown */,
				A0DD62741BB5BF68000E430D /* StackExchange-Prefix.pch */,
			);
			path = Supporting;
			sourceTree = "<group>";
		};
		A07E99621BB466E900DFBC30 /* 2-Business */ = {
			isa = PBXGroup;
			children = (
				A07E99631BB466E900DFBC30 /* Models */,
				A07E99651BB466E900DFBC30 /* Services */,
			);
			path = "2-Business";
			sourceTree = "<group>";
		};
		A07E99631BB466E900DFBC30 /* Models */ = {
			isa = PBXGroup;
			children = (
				A07E99641BB466E900DFBC30 /* _base */,
				A01768D51BB4E19200CADEE5 /* MigrationInfo */,
				A01768CD1BB4BE8200CADEE5 /* Question */,
				A01768BA1BB4B2D100CADEE5 /* Result */,
				A01768D91BB4E1B100CADEE5 /* Site */,
				A01768DD1BB4E3FC00CADEE5 /* Styling */,
				A01768D11BB4DDFD00CADEE5 /* User */,
			);
			path = Models;
			sourceTree = "<group>";
		};
		A07E99641BB466E900DFBC30 /* _base */ = {
			isa = PBXGroup;
			children = (
				A01768BD1BB4B33E00CADEE5 /* KLNBaseModel.h */,
				A01768BE1BB4B33E00CADEE5 /* KLNBaseModel.m */,
			);
			path = _base;
			sourceTree = "<group>";
		};
		A07E99651BB466E900DFBC30 /* Services */ = {
			isa = PBXGroup;
			children = (
				A07E99661BB466E900DFBC30 /* _base */,
				A07E99671BB466E900DFBC30 /* _ioc */,
				A01768E11BB4FC5900CADEE5 /* QuestionService */,
			);
			path = Services;
			sourceTree = "<group>";
		};
		A07E99661BB466E900DFBC30 /* _base */ = {
			isa = PBXGroup;
			children = (
				A01768A51BB482EF00CADEE5 /* KLNBaseService.h */,
				A01768A61BB482EF00CADEE5 /* KLNBaseService.m */,
			);
			path = _base;
			sourceTree = "<group>";
		};
		A07E99671BB466E900DFBC30 /* _ioc */ = {
			isa = PBXGroup;
			children = (
				A0766E9A1BC7BE6C00256CBC /* KLNFactoryService.h */,
				A0766E9B1BC7BE6C00256CBC /* KLNFactoryService.m */,
			);
			path = _ioc;
			sourceTree = "<group>";
		};
		A07E99681BB466E900DFBC30 /* 3-DataAccess */ = {
			isa = PBXGroup;
			children = (
				A07E99691BB466E900DFBC30 /* RESTEngine */,
			);
			path = "3-DataAccess";
			sourceTree = "<group>";
		};
		A07E99691BB466E900DFBC30 /* RESTEngine */ = {
			isa = PBXGroup;
			children = (
				A07E99721BB4682F00DFBC30 /* KLNRESTEngine.h */,
				A07E99731BB4682F00DFBC30 /* KLNRESTEngine.m */,
			);
			path = RESTEngine;
			sourceTree = "<group>";
		};
		A07E996A1BB466E900DFBC30 /* Utils */ = {
			isa = PBXGroup;
			children = (
				A03918D01BB9C9F5002D4DFB /* Categories */,
				A09A70A41BB9D8A6000CCCC2 /* Helpers */,
			);
			path = Utils;
			sourceTree = "<group>";
		};
		A09A70A41BB9D8A6000CCCC2 /* Helpers */ = {
			isa = PBXGroup;
			children = (
				A0766E9E1BC7D62A00256CBC /* Utils */,
			);
			path = Helpers;
			sourceTree = "<group>";
		};
		A0A889E71BB73D4A002F212C /* LaunchScreen */ = {
			isa = PBXGroup;
			children = (
				A0A889E81BB73D5C002F212C /* LaunchScreen.xib */,
			);
			path = LaunchScreen;
			sourceTree = "<group>";
		};
		A0A889F21BB746F0002F212C /* Results */ = {
			isa = PBXGroup;
			children = (
				A0A889F31BB74705002F212C /* KLNResultsTableViewCell.h */,
				A0A889F41BB74705002F212C /* KLNResultsTableViewCell.m */,
			);
			path = Results;
			sourceTree = "<group>";
		};
		A0BAE1AD1BB55EED00F14BBA /* Acknowledgements */ = {
			isa = PBXGroup;
			children = (
				A0BAE1B21BB55FC700F14BBA /* KLNAcknowledgementsViewController.h */,
				A0BAE1B31BB55FC700F14BBA /* KLNAcknowledgementsViewController.m */,
			);
			path = Acknowledgements;
			sourceTree = "<group>";
		};
		A0BAE1AE1BB55F2900F14BBA /* BaseViewController */ = {
			isa = PBXGroup;
			children = (
				A0BAE1AF1BB55F6200F14BBA /* KLNBaseViewController.h */,
				A0BAE1B01BB55F6200F14BBA /* KLNBaseViewController.m */,
			);
			path = BaseViewController;
			sourceTree = "<group>";
		};
		A0BAE1B51BB562CE00F14BBA /* _protocols */ = {
			isa = PBXGroup;
			children = (
				A0BAE1B61BB562E600F14BBA /* KLNBaseProtocol.h */,
			);
			path = _protocols;
			sourceTree = "<group>";
		};
		A0C92A6C1BB6DD1A00CCDA6C /* _storyboards */ = {
			isa = PBXGroup;
			children = (
				A0C92A6D1BB6DD1A00CCDA6C /* Main.storyboard */,
				A0A889F61BB74814002F212C /* Shared.storyboard */,
			);
			path = _storyboards;
			sourceTree = "<group>";
		};
		A0DD626F1BB5B16E000E430D /* _shared */ = {
			isa = PBXGroup;
			children = (
				A0DD62701BB5B209000E430D /* Picker */,
			);
			name = _shared;
			path = _base/_protocols/_shared;
			sourceTree = "<group>";
		};
		A0DD62701BB5B209000E430D /* Picker */ = {
			isa = PBXGroup;
			children = (
				A0DD62711BB5B220000E430D /* KLNPickerViewController.h */,
				A0DD62721BB5B220000E430D /* KLNPickerViewController.m */,
			);
			path = Picker;
			sourceTree = "<group>";
		};
		CF8565B9FEA4BEC3F7CD6BBA /* Pods */ = {
			isa = PBXGroup;
			children = (
				FF27CF2561C24C37EFE4EC85 /* Pods-StackExchange.debug.xcconfig */,
				B4A1BD967BDF85F387C2DE1D /* Pods-StackExchange.release.xcconfig */,
				43F9855569FE93C3C8E5A676 /* Pods-StackExchangeTests.debug.xcconfig */,
				2928593098D3CA1B7E372E75 /* Pods-StackExchangeTests.release.xcconfig */,
			);
			name = Pods;
			sourceTree = "<group>";
		};
/* End PBXGroup section */

/* Begin PBXNativeTarget section */
		A07E99161BB455F700DFBC30 /* StackExchange */ = {
			isa = PBXNativeTarget;
			buildConfigurationList = A07E99441BB455F700DFBC30 /* Build configuration list for PBXNativeTarget "StackExchange" */;
			buildPhases = (
				11C7439F3A02F5D207A317C4 /* [CP] Check Pods Manifest.lock */,
				A07E99131BB455F700DFBC30 /* Sources */,
				A07E99141BB455F700DFBC30 /* Frameworks */,
				A07E99151BB455F700DFBC30 /* Resources */,
				A0741ED51BBE6BC600CC46A3 /* ShellScript */,
				67FBEC329C2FC842381331AD /* [CP] Embed Pods Frameworks */,
				5488C3E702811D1D40357D94 /* [CP] Copy Pods Resources */,
			);
			buildRules = (
			);
			dependencies = (
			);
			name = StackExchange;
			productName = StackExchange;
			productReference = A07E99171BB455F700DFBC30 /* StackExchange.app */;
			productType = "com.apple.product-type.application";
		};
		A07E992F1BB455F700DFBC30 /* StackExchangeTests */ = {
			isa = PBXNativeTarget;
			buildConfigurationList = A07E99471BB455F700DFBC30 /* Build configuration list for PBXNativeTarget "StackExchangeTests" */;
			buildPhases = (
				7AB0EBE4D68B3B06DF347FAE /* [CP] Check Pods Manifest.lock */,
				A07E992C1BB455F700DFBC30 /* Sources */,
				A07E992D1BB455F700DFBC30 /* Frameworks */,
				A07E992E1BB455F700DFBC30 /* Resources */,
				55E55E863ADE4ADADDD61B38 /* [CP] Embed Pods Frameworks */,
				4FE72380586589ECE91D7BD9 /* [CP] Copy Pods Resources */,
			);
			buildRules = (
			);
			dependencies = (
				A07E99321BB455F700DFBC30 /* PBXTargetDependency */,
			);
			name = StackExchangeTests;
			productName = StackExchangeTests;
			productReference = A07E99301BB455F700DFBC30 /* StackExchangeTests.xctest */;
			productType = "com.apple.product-type.bundle.unit-test";
		};
		A07E993A1BB455F700DFBC30 /* StackExchangeUITests */ = {
			isa = PBXNativeTarget;
			buildConfigurationList = A07E994A1BB455F700DFBC30 /* Build configuration list for PBXNativeTarget "StackExchangeUITests" */;
			buildPhases = (
				A07E99371BB455F700DFBC30 /* Sources */,
				A07E99381BB455F700DFBC30 /* Frameworks */,
				A07E99391BB455F700DFBC30 /* Resources */,
			);
			buildRules = (
			);
			dependencies = (
				A07E993D1BB455F700DFBC30 /* PBXTargetDependency */,
			);
			name = StackExchangeUITests;
			productName = StackExchangeUITests;
			productReference = A07E993B1BB455F700DFBC30 /* StackExchangeUITests.xctest */;
			productType = "com.apple.product-type.bundle.ui-testing";
		};
/* End PBXNativeTarget section */

/* Begin PBXProject section */
		A07E990F1BB455F700DFBC30 /* Project object */ = {
			isa = PBXProject;
			attributes = {
				LastUpgradeCheck = 0800;
				ORGANIZATIONNAME = "Eduardo Palenzuela Darias";
				TargetAttributes = {
					A07E99161BB455F700DFBC30 = {
						CreatedOnToolsVersion = 7.0;
						DevelopmentTeam = 7NVFE9N264;
						ProvisioningStyle = Automatic;
					};
					A07E992F1BB455F700DFBC30 = {
						CreatedOnToolsVersion = 7.0;
						TestTargetID = A07E99161BB455F700DFBC30;
					};
					A07E993A1BB455F700DFBC30 = {
						CreatedOnToolsVersion = 7.0;
						TestTargetID = A07E99161BB455F700DFBC30;
					};
				};
			};
			buildConfigurationList = A07E99121BB455F700DFBC30 /* Build configuration list for PBXProject "StackExchange" */;
			compatibilityVersion = "Xcode 3.2";
			developmentRegion = English;
			hasScannedForEncodings = 0;
			knownRegions = (
				en,
				Base,
				es,
			);
			mainGroup = A07E990E1BB455F700DFBC30;
			productRefGroup = A07E99181BB455F700DFBC30 /* Products */;
			projectDirPath = "";
			projectRoot = "";
			targets = (
				A07E99161BB455F700DFBC30 /* StackExchange */,
				A07E992F1BB455F700DFBC30 /* StackExchangeTests */,
				A07E993A1BB455F700DFBC30 /* StackExchangeUITests */,
			);
		};
/* End PBXProject section */

/* Begin PBXResourcesBuildPhase section */
		A07E99151BB455F700DFBC30 /* Resources */ = {
			isa = PBXResourcesBuildPhase;
			buildActionMask = 2147483647;
			files = (
				A01768A01BB4800700CADEE5 /* Pods-StackExchange-acknowledgements.markdown in Resources */,
				A07E996E1BB466E900DFBC30 /* Localizable.strings in Resources */,
				A07E996D1BB466E900DFBC30 /* Images.xcassets in Resources */,
				A0A889E91BB73D5C002F212C /* LaunchScreen.xib in Resources */,
				A0C92A6E1BB6DD1A00CCDA6C /* Main.storyboard in Resources */,
				A0A889F71BB74814002F212C /* Shared.storyboard in Resources */,
			);
			runOnlyForDeploymentPostprocessing = 0;
		};
		A07E992E1BB455F700DFBC30 /* Resources */ = {
			isa = PBXResourcesBuildPhase;
			buildActionMask = 2147483647;
			files = (
			);
			runOnlyForDeploymentPostprocessing = 0;
		};
		A07E99391BB455F700DFBC30 /* Resources */ = {
			isa = PBXResourcesBuildPhase;
			buildActionMask = 2147483647;
			files = (
			);
			runOnlyForDeploymentPostprocessing = 0;
		};
/* End PBXResourcesBuildPhase section */

/* Begin PBXShellScriptBuildPhase section */
		11C7439F3A02F5D207A317C4 /* [CP] Check Pods Manifest.lock */ = {
			isa = PBXShellScriptBuildPhase;
			buildActionMask = 2147483647;
			files = (
			);
			inputPaths = (
			);
			name = "[CP] Check Pods Manifest.lock";
			outputPaths = (
			);
			runOnlyForDeploymentPostprocessing = 0;
			shellPath = /bin/sh;
			shellScript = "diff \"${PODS_ROOT}/../Podfile.lock\" \"${PODS_ROOT}/Manifest.lock\" > /dev/null\nif [ $? != 0 ] ; then\n    # print error to STDERR\n    echo \"error: The sandbox is not in sync with the Podfile.lock. Run 'pod install' or update your CocoaPods installation.\" >&2\n    exit 1\nfi\n";
			showEnvVarsInLog = 0;
		};
		4FE72380586589ECE91D7BD9 /* [CP] Copy Pods Resources */ = {
			isa = PBXShellScriptBuildPhase;
			buildActionMask = 2147483647;
			files = (
			);
			inputPaths = (
			);
			name = "[CP] Copy Pods Resources";
			outputPaths = (
			);
			runOnlyForDeploymentPostprocessing = 0;
			shellPath = /bin/sh;
			shellScript = "\"${SRCROOT}/Pods/Target Support Files/Pods-StackExchangeTests/Pods-StackExchangeTests-resources.sh\"\n";
			showEnvVarsInLog = 0;
		};
		5488C3E702811D1D40357D94 /* [CP] Copy Pods Resources */ = {
			isa = PBXShellScriptBuildPhase;
			buildActionMask = 2147483647;
			files = (
			);
			inputPaths = (
			);
			name = "[CP] Copy Pods Resources";
			outputPaths = (
			);
			runOnlyForDeploymentPostprocessing = 0;
			shellPath = /bin/sh;
			shellScript = "\"${SRCROOT}/Pods/Target Support Files/Pods-StackExchange/Pods-StackExchange-resources.sh\"\n";
			showEnvVarsInLog = 0;
		};
		55E55E863ADE4ADADDD61B38 /* [CP] Embed Pods Frameworks */ = {
			isa = PBXShellScriptBuildPhase;
			buildActionMask = 2147483647;
			files = (
			);
			inputPaths = (
			);
			name = "[CP] Embed Pods Frameworks";
			outputPaths = (
			);
			runOnlyForDeploymentPostprocessing = 0;
			shellPath = /bin/sh;
			shellScript = "\"${SRCROOT}/Pods/Target Support Files/Pods-StackExchangeTests/Pods-StackExchangeTests-frameworks.sh\"\n";
			showEnvVarsInLog = 0;
		};
		67FBEC329C2FC842381331AD /* [CP] Embed Pods Frameworks */ = {
			isa = PBXShellScriptBuildPhase;
			buildActionMask = 2147483647;
			files = (
			);
			inputPaths = (
			);
			name = "[CP] Embed Pods Frameworks";
			outputPaths = (
			);
			runOnlyForDeploymentPostprocessing = 0;
			shellPath = /bin/sh;
			shellScript = "\"${SRCROOT}/Pods/Target Support Files/Pods-StackExchange/Pods-StackExchange-frameworks.sh\"\n";
			showEnvVarsInLog = 0;
		};
		7AB0EBE4D68B3B06DF347FAE /* [CP] Check Pods Manifest.lock */ = {
			isa = PBXShellScriptBuildPhase;
			buildActionMask = 2147483647;
			files = (
			);
			inputPaths = (
			);
			name = "[CP] Check Pods Manifest.lock";
			outputPaths = (
			);
			runOnlyForDeploymentPostprocessing = 0;
			shellPath = /bin/sh;
			shellScript = "diff \"${PODS_ROOT}/../Podfile.lock\" \"${PODS_ROOT}/Manifest.lock\" > /dev/null\nif [ $? != 0 ] ; then\n    # print error to STDERR\n    echo \"error: The sandbox is not in sync with the Podfile.lock. Run 'pod install' or update your CocoaPods installation.\" >&2\n    exit 1\nfi\n";
			showEnvVarsInLog = 0;
		};
		A0741ED51BBE6BC600CC46A3 /* ShellScript */ = {
			isa = PBXShellScriptBuildPhase;
			buildActionMask = 2147483647;
			files = (
			);
			inputPaths = (
			);
			outputPaths = (
			);
			runOnlyForDeploymentPostprocessing = 0;
			shellPath = /bin/sh;
			shellScript = "#!/bin/bash\nbuildNumber=$(/usr/libexec/PlistBuddy -c \"Print CFBundleVersion\" \"$INFOPLIST_FILE\")\nbuildNumber=$(($buildNumber + 1))\n/usr/libexec/PlistBuddy -c \"Set :CFBundleVersion $buildNumber\" \"$INFOPLIST_FILE\"";
		};
/* End PBXShellScriptBuildPhase section */

/* Begin PBXSourcesBuildPhase section */
		A07E99131BB455F700DFBC30 /* Sources */ = {
			isa = PBXSourcesBuildPhase;
			buildActionMask = 2147483647;
			files = (
				A0766EA11BC7D62A00256CBC /* KLNUtils.m in Sources */,
				A01768B31BB4AF3300CADEE5 /* KLNBaseTableViewController.m in Sources */,
				A0BAE1B11BB55F6200F14BBA /* KLNBaseViewController.m in Sources */,
				A0A889F51BB74705002F212C /* KLNResultsTableViewCell.m in Sources */,
				A0766E9C1BC7BE6C00256CBC /* KLNFactoryService.m in Sources */,
				A03918D71BB9C9F5002D4DFB /* NSString+HTML.m in Sources */,
				A01768D01BB4BE9B00CADEE5 /* KLNQuestionModel.m in Sources */,
				A01768DC1BB4E1BD00CADEE5 /* KLNSiteModel.m in Sources */,
				A07E99741BB4682F00DFBC30 /* KLNRESTEngine.m in Sources */,
				A01768D41BB4DE0C00CADEE5 /* KLNUserModel.m in Sources */,
				A01768E01BB4E40D00CADEE5 /* KLNStylingModel.m in Sources */,
				A07E99711BB466E900DFBC30 /* main.m in Sources */,
				A01768A71BB482EF00CADEE5 /* KLNBaseService.m in Sources */,
				A0BAE1B41BB55FC700F14BBA /* KLNAcknowledgementsViewController.m in Sources */,
				A0DD62731BB5B220000E430D /* KLNPickerViewController.m in Sources */,
				A01768BF1BB4B33E00CADEE5 /* KLNBaseModel.m in Sources */,
				A01768C81BB4B42400CADEE5 /* KLNResultModel.m in Sources */,
				A03918D61BB9C9F5002D4DFB /* GTMNSString+HTML.m in Sources */,
				A07E996B1BB466E900DFBC30 /* AppDelegate.m in Sources */,
				A01768D81BB4E1A200CADEE5 /* KLNMigrationInfo.m in Sources */,
				A01768B61BB4AFAF00CADEE5 /* KLNFilterController.m in Sources */,
				A01768E51BB4FCD600CADEE5 /* KLNQuestionService.m in Sources */,
				A05608831BB6BC79006742EC /* KLNResultsViewController.m in Sources */,
			);
			runOnlyForDeploymentPostprocessing = 0;
		};
		A07E992C1BB455F700DFBC30 /* Sources */ = {
			isa = PBXSourcesBuildPhase;
			buildActionMask = 2147483647;
			files = (
				A01768E71BB50DB100CADEE5 /* KLNQuestionServiceTests.m in Sources */,
			);
			runOnlyForDeploymentPostprocessing = 0;
		};
		A07E99371BB455F700DFBC30 /* Sources */ = {
			isa = PBXSourcesBuildPhase;
			buildActionMask = 2147483647;
			files = (
				A07E99401BB455F700DFBC30 /* StackExchangeUITests.m in Sources */,
			);
			runOnlyForDeploymentPostprocessing = 0;
		};
/* End PBXSourcesBuildPhase section */

/* Begin PBXTargetDependency section */
		A07E99321BB455F700DFBC30 /* PBXTargetDependency */ = {
			isa = PBXTargetDependency;
			target = A07E99161BB455F700DFBC30 /* StackExchange */;
			targetProxy = A07E99311BB455F700DFBC30 /* PBXContainerItemProxy */;
		};
		A07E993D1BB455F700DFBC30 /* PBXTargetDependency */ = {
			isa = PBXTargetDependency;
			target = A07E99161BB455F700DFBC30 /* StackExchange */;
			targetProxy = A07E993C1BB455F700DFBC30 /* PBXContainerItemProxy */;
		};
/* End PBXTargetDependency section */

/* Begin PBXVariantGroup section */
		A07E99591BB466E900DFBC30 /* Localizable.strings */ = {
			isa = PBXVariantGroup;
			children = (
				A07E995A1BB466E900DFBC30 /* en */,
				A07E995B1BB466E900DFBC30 /* es */,
			);
			name = Localizable.strings;
			sourceTree = "<group>";
		};
/* End PBXVariantGroup section */

/* Begin XCBuildConfiguration section */
		A07E99421BB455F700DFBC30 /* Debug */ = {
			isa = XCBuildConfiguration;
			buildSettings = {
				ALWAYS_SEARCH_USER_PATHS = NO;
				CLANG_ANALYZER_LOCALIZABILITY_NONLOCALIZED = YES;
				CLANG_CXX_LANGUAGE_STANDARD = "gnu++0x";
				CLANG_CXX_LIBRARY = "libc++";
				CLANG_ENABLE_MODULES = YES;
				CLANG_ENABLE_OBJC_ARC = YES;
				CLANG_WARN_BOOL_CONVERSION = YES;
				CLANG_WARN_CONSTANT_CONVERSION = YES;
				CLANG_WARN_DIRECT_OBJC_ISA_USAGE = YES_ERROR;
				CLANG_WARN_EMPTY_BODY = YES;
				CLANG_WARN_ENUM_CONVERSION = YES;
				CLANG_WARN_INFINITE_RECURSION = YES;
				CLANG_WARN_INT_CONVERSION = YES;
				CLANG_WARN_OBJC_ROOT_CLASS = YES_ERROR;
				CLANG_WARN_SUSPICIOUS_MOVE = YES;
				CLANG_WARN_UNREACHABLE_CODE = YES;
				CLANG_WARN__DUPLICATE_METHOD_MATCH = YES;
				"CODE_SIGN_IDENTITY[sdk=iphoneos*]" = "iPhone Developer";
				COPY_PHASE_STRIP = NO;
				DEBUG_INFORMATION_FORMAT = dwarf;
				ENABLE_STRICT_OBJC_MSGSEND = YES;
				ENABLE_TESTABILITY = YES;
				GCC_C_LANGUAGE_STANDARD = gnu99;
				GCC_DYNAMIC_NO_PIC = NO;
				GCC_NO_COMMON_BLOCKS = YES;
				GCC_OPTIMIZATION_LEVEL = 0;
				GCC_PREPROCESSOR_DEFINITIONS = (
					"DEBUG=1",
					"$(inherited)",
				);
				GCC_WARN_64_TO_32_BIT_CONVERSION = YES;
				GCC_WARN_ABOUT_RETURN_TYPE = YES_ERROR;
				GCC_WARN_UNDECLARED_SELECTOR = YES;
				GCC_WARN_UNINITIALIZED_AUTOS = YES_AGGRESSIVE;
				GCC_WARN_UNUSED_FUNCTION = YES;
				GCC_WARN_UNUSED_VARIABLE = YES;
				IPHONEOS_DEPLOYMENT_TARGET = 9.1;
				MTL_ENABLE_DEBUG_INFO = YES;
				ONLY_ACTIVE_ARCH = YES;
				SDKROOT = iphoneos;
				TARGETED_DEVICE_FAMILY = "1,2";
			};
			name = Debug;
		};
		A07E99431BB455F700DFBC30 /* Release */ = {
			isa = XCBuildConfiguration;
			buildSettings = {
				ALWAYS_SEARCH_USER_PATHS = NO;
				CLANG_ANALYZER_LOCALIZABILITY_NONLOCALIZED = YES;
				CLANG_CXX_LANGUAGE_STANDARD = "gnu++0x";
				CLANG_CXX_LIBRARY = "libc++";
				CLANG_ENABLE_MODULES = YES;
				CLANG_ENABLE_OBJC_ARC = YES;
				CLANG_WARN_BOOL_CONVERSION = YES;
				CLANG_WARN_CONSTANT_CONVERSION = YES;
				CLANG_WARN_DIRECT_OBJC_ISA_USAGE = YES_ERROR;
				CLANG_WARN_EMPTY_BODY = YES;
				CLANG_WARN_ENUM_CONVERSION = YES;
				CLANG_WARN_INFINITE_RECURSION = YES;
				CLANG_WARN_INT_CONVERSION = YES;
				CLANG_WARN_OBJC_ROOT_CLASS = YES_ERROR;
				CLANG_WARN_SUSPICIOUS_MOVE = YES;
				CLANG_WARN_UNREACHABLE_CODE = YES;
				CLANG_WARN__DUPLICATE_METHOD_MATCH = YES;
				"CODE_SIGN_IDENTITY[sdk=iphoneos*]" = "iPhone Developer";
				COPY_PHASE_STRIP = NO;
				DEBUG_INFORMATION_FORMAT = "dwarf-with-dsym";
				ENABLE_NS_ASSERTIONS = NO;
				ENABLE_STRICT_OBJC_MSGSEND = YES;
				GCC_C_LANGUAGE_STANDARD = gnu99;
				GCC_NO_COMMON_BLOCKS = YES;
				GCC_WARN_64_TO_32_BIT_CONVERSION = YES;
				GCC_WARN_ABOUT_RETURN_TYPE = YES_ERROR;
				GCC_WARN_UNDECLARED_SELECTOR = YES;
				GCC_WARN_UNINITIALIZED_AUTOS = YES_AGGRESSIVE;
				GCC_WARN_UNUSED_FUNCTION = YES;
				GCC_WARN_UNUSED_VARIABLE = YES;
				IPHONEOS_DEPLOYMENT_TARGET = 9.1;
				MTL_ENABLE_DEBUG_INFO = NO;
				SDKROOT = iphoneos;
				TARGETED_DEVICE_FAMILY = "1,2";
				VALIDATE_PRODUCT = YES;
			};
			name = Release;
		};
		A07E99451BB455F700DFBC30 /* Debug */ = {
			isa = XCBuildConfiguration;
			baseConfigurationReference = FF27CF2561C24C37EFE4EC85 /* Pods-StackExchange.debug.xcconfig */;
			buildSettings = {
				ASSETCATALOG_COMPILER_APPICON_NAME = AppIcon;
				ASSETCATALOG_COMPILER_LAUNCHIMAGE_NAME = LaunchImage;
				CODE_SIGN_IDENTITY = "iPhone Developer";
				"CODE_SIGN_IDENTITY[sdk=iphoneos*]" = "iPhone Developer";
				DEVELOPMENT_TEAM = 7NVFE9N264;
				FRAMEWORK_SEARCH_PATHS = (
					"$(inherited)",
					"$(PROJECT_DIR)",
				);
				GCC_PRECOMPILE_PREFIX_HEADER = YES;
				GCC_PREFIX_HEADER = "$(SRCROOT)/StackExchange/1-Presentation/Support/Supporting/StackExchange-Prefix.pch";
				INFOPLIST_FILE = "$(SRCROOT)/StackExchange/1-Presentation/Support/Supporting/Info.plist";
				IPHONEOS_DEPLOYMENT_TARGET = 9.1;
				LD_RUNPATH_SEARCH_PATHS = "$(inherited) @executable_path/Frameworks";
				PRODUCT_BUNDLE_IDENTIFIER = com.kiliannet.StackExchange;
				PRODUCT_NAME = "$(TARGET_NAME)";
				PROVISIONING_PROFILE = "";
				TARGETED_DEVICE_FAMILY = 1;
			};
			name = Debug;
		};
		A07E99461BB455F700DFBC30 /* Release */ = {
			isa = XCBuildConfiguration;
			baseConfigurationReference = B4A1BD967BDF85F387C2DE1D /* Pods-StackExchange.release.xcconfig */;
			buildSettings = {
				ASSETCATALOG_COMPILER_APPICON_NAME = AppIcon;
				ASSETCATALOG_COMPILER_LAUNCHIMAGE_NAME = LaunchImage;
				CODE_SIGN_IDENTITY = "iPhone Developer";
				"CODE_SIGN_IDENTITY[sdk=iphoneos*]" = "iPhone Developer";
				DEVELOPMENT_TEAM = 7NVFE9N264;
				FRAMEWORK_SEARCH_PATHS = (
					"$(inherited)",
					"$(PROJECT_DIR)",
				);
				GCC_PRECOMPILE_PREFIX_HEADER = YES;
				GCC_PREFIX_HEADER = "$(SRCROOT)/StackExchange/1-Presentation/Support/Supporting/StackExchange-Prefix.pch";
				INFOPLIST_FILE = "$(SRCROOT)/StackExchange/1-Presentation/Support/Supporting/Info.plist";
				IPHONEOS_DEPLOYMENT_TARGET = 9.1;
				LD_RUNPATH_SEARCH_PATHS = "$(inherited) @executable_path/Frameworks";
				PRODUCT_BUNDLE_IDENTIFIER = com.kiliannet.StackExchange;
				PRODUCT_NAME = "$(TARGET_NAME)";
				PROVISIONING_PROFILE = "";
				TARGETED_DEVICE_FAMILY = 1;
			};
			name = Release;
		};
		A07E99481BB455F700DFBC30 /* Debug */ = {
			isa = XCBuildConfiguration;
			baseConfigurationReference = 43F9855569FE93C3C8E5A676 /* Pods-StackExchangeTests.debug.xcconfig */;
			buildSettings = {
				BUNDLE_LOADER = "$(TEST_HOST)";
				INFOPLIST_FILE = StackExchangeTests/Info.plist;
				LD_RUNPATH_SEARCH_PATHS = "$(inherited) @executable_path/Frameworks @loader_path/Frameworks";
				PRODUCT_BUNDLE_IDENTIFIER = com.kiliannet.StackExchangeTests;
				PRODUCT_NAME = "$(TARGET_NAME)";
				TEST_HOST = "$(BUILT_PRODUCTS_DIR)/StackExchange.app/StackExchange";
			};
			name = Debug;
		};
		A07E99491BB455F700DFBC30 /* Release */ = {
			isa = XCBuildConfiguration;
			baseConfigurationReference = 2928593098D3CA1B7E372E75 /* Pods-StackExchangeTests.release.xcconfig */;
			buildSettings = {
				BUNDLE_LOADER = "$(TEST_HOST)";
				INFOPLIST_FILE = StackExchangeTests/Info.plist;
				LD_RUNPATH_SEARCH_PATHS = "$(inherited) @executable_path/Frameworks @loader_path/Frameworks";
				PRODUCT_BUNDLE_IDENTIFIER = com.kiliannet.StackExchangeTests;
				PRODUCT_NAME = "$(TARGET_NAME)";
				TEST_HOST = "$(BUILT_PRODUCTS_DIR)/StackExchange.app/StackExchange";
			};
			name = Release;
		};
		A07E994B1BB455F700DFBC30 /* Debug */ = {
			isa = XCBuildConfiguration;
			buildSettings = {
				INFOPLIST_FILE = StackExchangeUITests/Info.plist;
				LD_RUNPATH_SEARCH_PATHS = "$(inherited) @executable_path/Frameworks @loader_path/Frameworks";
				PRODUCT_BUNDLE_IDENTIFIER = com.kiliannet.StackExchangeUITests;
				PRODUCT_NAME = "$(TARGET_NAME)";
				TEST_TARGET_NAME = StackExchange;
				USES_XCTRUNNER = YES;
			};
			name = Debug;
		};
		A07E994C1BB455F700DFBC30 /* Release */ = {
			isa = XCBuildConfiguration;
			buildSettings = {
				INFOPLIST_FILE = StackExchangeUITests/Info.plist;
				LD_RUNPATH_SEARCH_PATHS = "$(inherited) @executable_path/Frameworks @loader_path/Frameworks";
				PRODUCT_BUNDLE_IDENTIFIER = com.kiliannet.StackExchangeUITests;
				PRODUCT_NAME = "$(TARGET_NAME)";
				TEST_TARGET_NAME = StackExchange;
				USES_XCTRUNNER = YES;
			};
			name = Release;
		};
/* End XCBuildConfiguration section */

/* Begin XCConfigurationList section */
		A07E99121BB455F700DFBC30 /* Build configuration list for PBXProject "StackExchange" */ = {
			isa = XCConfigurationList;
			buildConfigurations = (
				A07E99421BB455F700DFBC30 /* Debug */,
				A07E99431BB455F700DFBC30 /* Release */,
			);
			defaultConfigurationIsVisible = 0;
			defaultConfigurationName = Release;
		};
		A07E99441BB455F700DFBC30 /* Build configuration list for PBXNativeTarget "StackExchange" */ = {
			isa = XCConfigurationList;
			buildConfigurations = (
				A07E99451BB455F700DFBC30 /* Debug */,
				A07E99461BB455F700DFBC30 /* Release */,
			);
			defaultConfigurationIsVisible = 0;
			defaultConfigurationName = Release;
		};
		A07E99471BB455F700DFBC30 /* Build configuration list for PBXNativeTarget "StackExchangeTests" */ = {
			isa = XCConfigurationList;
			buildConfigurations = (
				A07E99481BB455F700DFBC30 /* Debug */,
				A07E99491BB455F700DFBC30 /* Release */,
			);
			defaultConfigurationIsVisible = 0;
			defaultConfigurationName = Release;
		};
		A07E994A1BB455F700DFBC30 /* Build configuration list for PBXNativeTarget "StackExchangeUITests" */ = {
			isa = XCConfigurationList;
			buildConfigurations = (
				A07E994B1BB455F700DFBC30 /* Debug */,
				A07E994C1BB455F700DFBC30 /* Release */,
			);
			defaultConfigurationIsVisible = 0;
			defaultConfigurationName = Release;
		};
/* End XCConfigurationList section */
	};
	rootObject = A07E990F1BB455F700DFBC30 /* Project object */;
}
